
Microsoft Visual Studio Solution File, Format Version 12.00
# Visual Studio Version 17
VisualStudioVersion = 17.13.35806.99
MinimumVisualStudioVersion = 10.0.40219.1
Project("{8BC9CEB8-8B4A-11D0-8D11-00A0C91BC942}") = "Cstydy", "Cstydy\Cstydy.vcxproj", "{073912D6-D240-4137-AFED-9C959FC509EE}"
EndProject
Project("{2150E333-8FDC-42A3-9474-1A3956D46DE8}") = "Ch3", "Ch3", "{C8D5274F-AC00-46C7-1F8D-E88E81087A52}"
EndProject
Project("{8BC9CEB8-8B4A-11D0-8D11-00A0C91BC942}") = "Operator", "Operator\Operator.vcxproj", "{D345BE36-FC93-4D9B-8EA3-C3E79CA8B455}"
EndProject
Project("{2150E333-8FDC-42A3-9474-1A3956D46DE8}") = "Ch6", "Ch6", "{1633CAC5-0979-445A-A2C0-8B409BAB8121}"
EndProject
Project("{8BC9CEB8-8B4A-11D0-8D11-00A0C91BC942}") = "ch6", "ch6\ch6.vcxproj", "{879759BC-4558-4B6A-8790-2F5C965E1374}"
EndProject
Project("{2150E333-8FDC-42A3-9474-1A3956D46DE8}") = "Ch7", "Ch7", "{D74E31AF-E0EA-4E8A-A1F9-C3B8FC35D819}"
EndProject
Project("{8BC9CEB8-8B4A-11D0-8D11-00A0C91BC942}") = "ch7", "ch7\ch7.vcxproj", "{F54357BE-DADB-4241-958A-3129BE8D798A}"
EndProject
Project("{2150E333-8FDC-42A3-9474-1A3956D46DE8}") = "Ch8", "Ch8", "{CB424848-1405-41E4-832F-C1ECC686D551}"
EndProject
Project("{8BC9CEB8-8B4A-11D0-8D11-00A0C91BC942}") = "ch8", "ch8\ch8.vcxproj", "{2D8B0D55-A947-4B6D-B6BC-64F52010EAB7}"
EndProject
Project("{2150E333-8FDC-42A3-9474-1A3956D46DE8}") = "Ch9", "Ch9", "{BD2F05A8-2336-4969-AB29-A0BA0DD655F1}"
EndProject
Project("{8BC9CEB8-8B4A-11D0-8D11-00A0C91BC942}") = "ch9", "ch9\ch9.vcxproj", "{576903B6-EF6C-4B94-9570-0A25735C75C2}"
EndProject
Project("{2150E333-8FDC-42A3-9474-1A3956D46DE8}") = "ToyProject_01", "ToyProject_01", "{13EB6D84-2DAE-4FEA-906C-1E377C6A25F0}"
EndProject
Project("{8BC9CEB8-8B4A-11D0-8D11-00A0C91BC942}") = "ToyProject", "ToyProject\ToyProject.vcxproj", "{1148C9F4-B216-4DBF-B47D-AB93D631EB07}"
EndProject
Project("{2150E333-8FDC-42A3-9474-1A3956D46DE8}") = "ToyProject_02", "ToyProject_02", "{5848AF90-006E-E38B-7F64-F99DF9244BC9}"
EndProject
Project("{8BC9CEB8-8B4A-11D0-8D11-00A0C91BC942}") = "ToyProject02", "ToyProject02\ToyProject02.vcxproj", "{07DDFBA1-51DF-4538-BC1C-E530EDF80879}"
EndProject
Global
	GlobalSection(SolutionConfigurationPlatforms) = preSolution
		Debug|x64 = Debug|x64
		Debug|x86 = Debug|x86
		Release|x64 = Release|x64
		Release|x86 = Release|x86
	EndGlobalSection
	GlobalSection(ProjectConfigurationPlatforms) = postSolution
		{073912D6-D240-4137-AFED-9C959FC509EE}.Debug|x64.ActiveCfg = Debug|x64
		{073912D6-D240-4137-AFED-9C959FC509EE}.Debug|x64.Build.0 = Debug|x64
		{073912D6-D240-4137-AFED-9C959FC509EE}.Debug|x86.ActiveCfg = Debug|Win32
		{073912D6-D240-4137-AFED-9C959FC509EE}.Debug|x86.Build.0 = Debug|Win32
		{073912D6-D240-4137-AFED-9C959FC509EE}.Release|x64.ActiveCfg = Release|x64
		{073912D6-D240-4137-AFED-9C959FC509EE}.Release|x64.Build.0 = Release|x64
		{073912D6-D240-4137-AFED-9C959FC509EE}.Release|x86.ActiveCfg = Release|Win32
		{073912D6-D240-4137-AFED-9C959FC509EE}.Release|x86.Build.0 = Release|Win32
		{D345BE36-FC93-4D9B-8EA3-C3E79CA8B455}.Debug|x64.ActiveCfg = Debug|x64
		{D345BE36-FC93-4D9B-8EA3-C3E79CA8B455}.Debug|x64.Build.0 = Debug|x64
		{D345BE36-FC93-4D9B-8EA3-C3E79CA8B455}.Debug|x86.ActiveCfg = Debug|Win32
		{D345BE36-FC93-4D9B-8EA3-C3E79CA8B455}.Debug|x86.Build.0 = Debug|Win32
		{D345BE36-FC93-4D9B-8EA3-C3E79CA8B455}.Release|x64.ActiveCfg = Release|x64
		{D345BE36-FC93-4D9B-8EA3-C3E79CA8B455}.Release|x64.Build.0 = Release|x64
		{D345BE36-FC93-4D9B-8EA3-C3E79CA8B455}.Release|x86.ActiveCfg = Release|Win32
		{D345BE36-FC93-4D9B-8EA3-C3E79CA8B455}.Release|x86.Build.0 = Release|Win32
		{879759BC-4558-4B6A-8790-2F5C965E1374}.Debug|x64.ActiveCfg = Debug|x64
		{879759BC-4558-4B6A-8790-2F5C965E1374}.Debug|x64.Build.0 = Debug|x64
		{879759BC-4558-4B6A-8790-2F5C965E1374}.Debug|x86.ActiveCfg = Debug|Win32
		{879759BC-4558-4B6A-8790-2F5C965E1374}.Debug|x86.Build.0 = Debug|Win32
		{879759BC-4558-4B6A-8790-2F5C965E1374}.Release|x64.ActiveCfg = Release|x64
		{879759BC-4558-4B6A-8790-2F5C965E1374}.Release|x64.Build.0 = Release|x64
		{879759BC-4558-4B6A-8790-2F5C965E1374}.Release|x86.ActiveCfg = Release|Win32
		{879759BC-4558-4B6A-8790-2F5C965E1374}.Release|x86.Build.0 = Release|Win32
		{F54357BE-DADB-4241-958A-3129BE8D798A}.Debug|x64.ActiveCfg = Debug|x64
		{F54357BE-DADB-4241-958A-3129BE8D798A}.Debug|x64.Build.0 = Debug|x64
		{F54357BE-DADB-4241-958A-3129BE8D798A}.Debug|x86.ActiveCfg = Debug|Win32
		{F54357BE-DADB-4241-958A-3129BE8D798A}.Debug|x86.Build.0 = Debug|Win32
		{F54357BE-DADB-4241-958A-3129BE8D798A}.Release|x64.ActiveCfg = Release|x64
		{F54357BE-DADB-4241-958A-3129BE8D798A}.Release|x64.Build.0 = Release|x64
		{F54357BE-DADB-4241-958A-3129BE8D798A}.Release|x86.ActiveCfg = Release|Win32
		{F54357BE-DADB-4241-958A-3129BE8D798A}.Release|x86.Build.0 = Release|Win32
		{2D8B0D55-A947-4B6D-B6BC-64F52010EAB7}.Debug|x64.ActiveCfg = Debug|x64
		{2D8B0D55-A947-4B6D-B6BC-64F52010EAB7}.Debug|x64.Build.0 = Debug|x64
		{2D8B0D55-A947-4B6D-B6BC-64F52010EAB7}.Debug|x86.ActiveCfg = Debug|Win32
		{2D8B0D55-A947-4B6D-B6BC-64F52010EAB7}.Debug|x86.Build.0 = Debug|Win32
		{2D8B0D55-A947-4B6D-B6BC-64F52010EAB7}.Release|x64.ActiveCfg = Release|x64
		{2D8B0D55-A947-4B6D-B6BC-64F52010EAB7}.Release|x64.Build.0 = Release|x64
		{2D8B0D55-A947-4B6D-B6BC-64F52010EAB7}.Release|x86.ActiveCfg = Release|Win32
		{2D8B0D55-A947-4B6D-B6BC-64F52010EAB7}.Release|x86.Build.0 = Release|Win32
		{576903B6-EF6C-4B94-9570-0A25735C75C2}.Debug|x64.ActiveCfg = Debug|x64
		{576903B6-EF6C-4B94-9570-0A25735C75C2}.Debug|x64.Build.0 = Debug|x64
		{576903B6-EF6C-4B94-9570-0A25735C75C2}.Debug|x86.ActiveCfg = Debug|Win32
		{576903B6-EF6C-4B94-9570-0A25735C75C2}.Debug|x86.Build.0 = Debug|Win32
		{576903B6-EF6C-4B94-9570-0A25735C75C2}.Release|x64.ActiveCfg = Release|x64
		{576903B6-EF6C-4B94-9570-0A25735C75C2}.Release|x64.Build.0 = Release|x64
		{576903B6-EF6C-4B94-9570-0A25735C75C2}.Release|x86.ActiveCfg = Release|Win32
		{576903B6-EF6C-4B94-9570-0A25735C75C2}.Release|x86.Build.0 = Release|Win32
		{1148C9F4-B216-4DBF-B47D-AB93D631EB07}.Debug|x64.ActiveCfg = Debug|x64
		{1148C9F4-B216-4DBF-B47D-AB93D631EB07}.Debug|x64.Build.0 = Debug|x64
		{1148C9F4-B216-4DBF-B47D-AB93D631EB07}.Debug|x86.ActiveCfg = Debug|Win32
		{1148C9F4-B216-4DBF-B47D-AB93D631EB07}.Debug|x86.Build.0 = Debug|Win32
		{1148C9F4-B216-4DBF-B47D-AB93D631EB07}.Release|x64.ActiveCfg = Release|x64
		{1148C9F4-B216-4DBF-B47D-AB93D631EB07}.Release|x64.Build.0 = Release|x64
		{1148C9F4-B216-4DBF-B47D-AB93D631EB07}.Release|x86.ActiveCfg = Release|Win32
		{1148C9F4-B216-4DBF-B47D-AB93D631EB07}.Release|x86.Build.0 = Release|Win32
		{07DDFBA1-51DF-4538-BC1C-E530EDF80879}.Debug|x64.ActiveCfg = Debug|x64
		{07DDFBA1-51DF-4538-BC1C-E530EDF80879}.Debug|x64.Build.0 = Debug|x64
		{07DDFBA1-51DF-4538-BC1C-E530EDF80879}.Debug|x86.ActiveCfg = Debug|Win32
		{07DDFBA1-51DF-4538-BC1C-E530EDF80879}.Debug|x86.Build.0 = Debug|Win32
		{07DDFBA1-51DF-4538-BC1C-E530EDF80879}.Release|x64.ActiveCfg = Release|x64
		{07DDFBA1-51DF-4538-BC1C-E530EDF80879}.Release|x64.Build.0 = Release|x64
		{07DDFBA1-51DF-4538-BC1C-E530EDF80879}.Release|x86.ActiveCfg = Release|Win32
		{07DDFBA1-51DF-4538-BC1C-E530EDF80879}.Release|x86.Build.0 = Release|Win32
	EndGlobalSection
	GlobalSection(SolutionProperties) = preSolution
		HideSolutionNode = FALSE
	EndGlobalSection
	GlobalSection(NestedProjects) = preSolution
		{D345BE36-FC93-4D9B-8EA3-C3E79CA8B455} = {C8D5274F-AC00-46C7-1F8D-E88E81087A52}
		{879759BC-4558-4B6A-8790-2F5C965E1374} = {1633CAC5-0979-445A-A2C0-8B409BAB8121}
		{F54357BE-DADB-4241-958A-3129BE8D798A} = {D74E31AF-E0EA-4E8A-A1F9-C3B8FC35D819}
		{2D8B0D55-A947-4B6D-B6BC-64F52010EAB7} = {CB424848-1405-41E4-832F-C1ECC686D551}
		{576903B6-EF6C-4B94-9570-0A25735C75C2} = {BD2F05A8-2336-4969-AB29-A0BA0DD655F1}
		{1148C9F4-B216-4DBF-B47D-AB93D631EB07} = {13EB6D84-2DAE-4FEA-906C-1E377C6A25F0}
		{07DDFBA1-51DF-4538-BC1C-E530EDF80879} = {5848AF90-006E-E38B-7F64-F99DF9244BC9}
	EndGlobalSection
	GlobalSection(ExtensibilityGlobals) = postSolution
		SolutionGuid = {B8EE270E-AB58-4FEC-80DF-5FD1D5F3CA4E}
	EndGlobalSection
EndGlobal
