
Microsoft Visual Studio Solution File, Format Version 12.00
# Visual Studio Version 17
VisualStudioVersion = 17.13.35806.99
MinimumVisualStudioVersion = 10.0.40219.1
Project("{8BC9CEB8-8B4A-11D0-8D11-00A0C91BC942}") = "Cstydy", "Cstydy\Cstydy.vcxproj", "{073912D6-D240-4137-AFED-9C959FC509EE}"
EndProject
Project("{2150E333-8FDC-42A3-9474-1A3956D46DE8}") = "Ch3", "Ch3", "{C8D5274F-AC00-46C7-1F8D-E88E81087A52}"
EndProject
Project("{8BC9CEB8-8B4A-11D0-8D11-00A0C91BC942}") = "Operator", "Operator\Operator.vcxproj", "{D345BE36-FC93-4D9B-8EA3-C3E79CA8B455}"
EndProject
Project("{2150E333-8FDC-42A3-9474-1A3956D46DE8}") = "Ch6", "Ch6", "{1633CAC5-0979-445A-A2C0-8B409BAB8121}"
EndProject
Project("{8BC9CEB8-8B4A-11D0-8D11-00A0C91BC942}") = "ch6", "ch6\ch6.vcxproj", "{879759BC-4558-4B6A-8790-2F5C965E1374}"
EndProject
Global
	GlobalSection(SolutionConfigurationPlatforms) = preSolution
		Debug|x64 = Debug|x64
		Debug|x86 = Debug|x86
		Release|x64 = Release|x64
		Release|x86 = Release|x86
	EndGlobalSection
	GlobalSection(ProjectConfigurationPlatforms) = postSolution
		{073912D6-D240-4137-AFED-9C959FC509EE}.Debug|x64.ActiveCfg = Debug|x64
		{073912D6-D240-4137-AFED-9C959FC509EE}.Debug|x64.Build.0 = Debug|x64
		{073912D6-D240-4137-AFED-9C959FC509EE}.Debug|x86.ActiveCfg = Debug|Win32
		{073912D6-D240-4137-AFED-9C959FC509EE}.Debug|x86.Build.0 = Debug|Win32
		{073912D6-D240-4137-AFED-9C959FC509EE}.Release|x64.ActiveCfg = Release|x64
		{073912D6-D240-4137-AFED-9C959FC509EE}.Release|x64.Build.0 = Release|x64
		{073912D6-D240-4137-AFED-9C959FC509EE}.Release|x86.ActiveCfg = Release|Win32
		{073912D6-D240-4137-AFED-9C959FC509EE}.Release|x86.Build.0 = Release|Win32
		{D345BE36-FC93-4D9B-8EA3-C3E79CA8B455}.Debug|x64.ActiveCfg = Debug|x64
		{D345BE36-FC93-4D9B-8EA3-C3E79CA8B455}.Debug|x64.Build.0 = Debug|x64
		{D345BE36-FC93-4D9B-8EA3-C3E79CA8B455}.Debug|x86.ActiveCfg = Debug|Win32
		{D345BE36-FC93-4D9B-8EA3-C3E79CA8B455}.Debug|x86.Build.0 = Debug|Win32
		{D345BE36-FC93-4D9B-8EA3-C3E79CA8B455}.Release|x64.ActiveCfg = Release|x64
		{D345BE36-FC93-4D9B-8EA3-C3E79CA8B455}.Release|x64.Build.0 = Release|x64
		{D345BE36-FC93-4D9B-8EA3-C3E79CA8B455}.Release|x86.ActiveCfg = Release|Win32
		{D345BE36-FC93-4D9B-8EA3-C3E79CA8B455}.Release|x86.Build.0 = Release|Win32
		{879759BC-4558-4B6A-8790-2F5C965E1374}.Debug|x64.ActiveCfg = Debug|x64
		{879759BC-4558-4B6A-8790-2F5C965E1374}.Debug|x64.Build.0 = Debug|x64
		{879759BC-4558-4B6A-8790-2F5C965E1374}.Debug|x86.ActiveCfg = Debug|Win32
		{879759BC-4558-4B6A-8790-2F5C965E1374}.Debug|x86.Build.0 = Debug|Win32
		{879759BC-4558-4B6A-8790-2F5C965E1374}.Release|x64.ActiveCfg = Release|x64
		{879759BC-4558-4B6A-8790-2F5C965E1374}.Release|x64.Build.0 = Release|x64
		{879759BC-4558-4B6A-8790-2F5C965E1374}.Release|x86.ActiveCfg = Release|Win32
		{879759BC-4558-4B6A-8790-2F5C965E1374}.Release|x86.Build.0 = Release|Win32
	EndGlobalSection
	GlobalSection(SolutionProperties) = preSolution
		HideSolutionNode = FALSE
	EndGlobalSection
	GlobalSection(NestedProjects) = preSolution
		{D345BE36-FC93-4D9B-8EA3-C3E79CA8B455} = {C8D5274F-AC00-46C7-1F8D-E88E81087A52}
		{879759BC-4558-4B6A-8790-2F5C965E1374} = {1633CAC5-0979-445A-A2C0-8B409BAB8121}
	EndGlobalSection
	GlobalSection(ExtensibilityGlobals) = postSolution
		SolutionGuid = {B8EE270E-AB58-4FEC-80DF-5FD1D5F3CA4E}
	EndGlobalSection
EndGlobal
