
Microsoft Visual Studio Solution File, Format Version 12.00
# Visual Studio Version 17
VisualStudioVersion = 17.13.35825.156
MinimumVisualStudioVersion = 10.0.40219.1
Project("{8BC9CEB8-8B4A-11D0-8D11-00A0C91BC942}") = "GameProgramming2", "GameProgramming2\GameProgramming2.vcxproj", "{70D5DF60-D479-4FF7-B148-36E32F26684E}"
EndProject
Project("{2150E333-8FDC-42A3-9474-1A3956D46DE8}") = "CH02", "CH02", "{C8D5274F-AC00-46C7-1F8D-E88E81087A52}"
EndProject
Project("{8BC9CEB8-8B4A-11D0-8D11-00A0C91BC942}") = "Ch02", "Ch02\Ch02.vcxproj", "{600E46CB-A70C-4F47-8C56-4BE4BA027BDF}"
EndProject
Project("{2150E333-8FDC-42A3-9474-1A3956D46DE8}") = "Input", "Input", "{AEBA09B4-674F-4949-8A9F-C77049AE1398}"
EndProject
Project("{8BC9CEB8-8B4A-11D0-8D11-00A0C91BC942}") = "PlayerInput", "PlayerInput\PlayerInput.vcxproj", "{10F9DC89-E473-4A25-94BD-9EF7832C1A01}"
EndProject
Project("{2150E333-8FDC-42A3-9474-1A3956D46DE8}") = "CH03", "CH03", "{E0FEC07E-7398-4E7E-A66F-2D6E27D53CB5}"
EndProject
Project("{8BC9CEB8-8B4A-11D0-8D11-00A0C91BC942}") = "Ch03", "Ch03\Ch03.vcxproj", "{93EE210E-ABCB-41DE-9F98-F7F573C6A8A0}"
EndProject
Project("{2150E333-8FDC-42A3-9474-1A3956D46DE8}") = "CH05", "CH05", "{0BD3D6B0-BEE6-4F12-A99F-8BF9988A4C87}"
EndProject
Project("{8BC9CEB8-8B4A-11D0-8D11-00A0C91BC942}") = "Ch05", "Ch05\Ch05.vcxproj", "{B5480167-8C29-4126-9B66-CC86A1EDF94D}"
EndProject
Project("{2150E333-8FDC-42A3-9474-1A3956D46DE8}") = "CH08", "CH08", "{DF932134-7E37-42FA-86D8-13CB62D18B55}"
EndProject
Project("{8BC9CEB8-8B4A-11D0-8D11-00A0C91BC942}") = "Ch08", "Ch08\Ch08.vcxproj", "{A6171545-59CB-489D-BBDF-108C66532684}"
EndProject
Project("{2150E333-8FDC-42A3-9474-1A3956D46DE8}") = "CH09", "CH09", "{37E1DEA8-6CF1-4948-A252-75BEE9AE4B85}"
EndProject
Project("{8BC9CEB8-8B4A-11D0-8D11-00A0C91BC942}") = "Ch09", "Ch09\Ch09.vcxproj", "{66BE8672-AAD3-4546-A325-62B7000D2D2E}"
EndProject
Global
	GlobalSection(SolutionConfigurationPlatforms) = preSolution
		Debug|x64 = Debug|x64
		Debug|x86 = Debug|x86
		Release|x64 = Release|x64
		Release|x86 = Release|x86
	EndGlobalSection
	GlobalSection(ProjectConfigurationPlatforms) = postSolution
		{70D5DF60-D479-4FF7-B148-36E32F26684E}.Debug|x64.ActiveCfg = Debug|x64
		{70D5DF60-D479-4FF7-B148-36E32F26684E}.Debug|x64.Build.0 = Debug|x64
		{70D5DF60-D479-4FF7-B148-36E32F26684E}.Debug|x86.ActiveCfg = Debug|Win32
		{70D5DF60-D479-4FF7-B148-36E32F26684E}.Debug|x86.Build.0 = Debug|Win32
		{70D5DF60-D479-4FF7-B148-36E32F26684E}.Release|x64.ActiveCfg = Release|x64
		{70D5DF60-D479-4FF7-B148-36E32F26684E}.Release|x64.Build.0 = Release|x64
		{70D5DF60-D479-4FF7-B148-36E32F26684E}.Release|x86.ActiveCfg = Release|Win32
		{70D5DF60-D479-4FF7-B148-36E32F26684E}.Release|x86.Build.0 = Release|Win32
		{600E46CB-A70C-4F47-8C56-4BE4BA027BDF}.Debug|x64.ActiveCfg = Debug|x64
		{600E46CB-A70C-4F47-8C56-4BE4BA027BDF}.Debug|x64.Build.0 = Debug|x64
		{600E46CB-A70C-4F47-8C56-4BE4BA027BDF}.Debug|x86.ActiveCfg = Debug|Win32
		{600E46CB-A70C-4F47-8C56-4BE4BA027BDF}.Debug|x86.Build.0 = Debug|Win32
		{600E46CB-A70C-4F47-8C56-4BE4BA027BDF}.Release|x64.ActiveCfg = Release|x64
		{600E46CB-A70C-4F47-8C56-4BE4BA027BDF}.Release|x64.Build.0 = Release|x64
		{600E46CB-A70C-4F47-8C56-4BE4BA027BDF}.Release|x86.ActiveCfg = Release|Win32
		{600E46CB-A70C-4F47-8C56-4BE4BA027BDF}.Release|x86.Build.0 = Release|Win32
		{10F9DC89-E473-4A25-94BD-9EF7832C1A01}.Debug|x64.ActiveCfg = Debug|x64
		{10F9DC89-E473-4A25-94BD-9EF7832C1A01}.Debug|x64.Build.0 = Debug|x64
		{10F9DC89-E473-4A25-94BD-9EF7832C1A01}.Debug|x86.ActiveCfg = Debug|Win32
		{10F9DC89-E473-4A25-94BD-9EF7832C1A01}.Debug|x86.Build.0 = Debug|Win32
		{10F9DC89-E473-4A25-94BD-9EF7832C1A01}.Release|x64.ActiveCfg = Release|x64
		{10F9DC89-E473-4A25-94BD-9EF7832C1A01}.Release|x64.Build.0 = Release|x64
		{10F9DC89-E473-4A25-94BD-9EF7832C1A01}.Release|x86.ActiveCfg = Release|Win32
		{10F9DC89-E473-4A25-94BD-9EF7832C1A01}.Release|x86.Build.0 = Release|Win32
		{93EE210E-ABCB-41DE-9F98-F7F573C6A8A0}.Debug|x64.ActiveCfg = Debug|x64
		{93EE210E-ABCB-41DE-9F98-F7F573C6A8A0}.Debug|x64.Build.0 = Debug|x64
		{93EE210E-ABCB-41DE-9F98-F7F573C6A8A0}.Debug|x86.ActiveCfg = Debug|Win32
		{93EE210E-ABCB-41DE-9F98-F7F573C6A8A0}.Debug|x86.Build.0 = Debug|Win32
		{93EE210E-ABCB-41DE-9F98-F7F573C6A8A0}.Release|x64.ActiveCfg = Release|x64
		{93EE210E-ABCB-41DE-9F98-F7F573C6A8A0}.Release|x64.Build.0 = Release|x64
		{93EE210E-ABCB-41DE-9F98-F7F573C6A8A0}.Release|x86.ActiveCfg = Release|Win32
		{93EE210E-ABCB-41DE-9F98-F7F573C6A8A0}.Release|x86.Build.0 = Release|Win32
		{B5480167-8C29-4126-9B66-CC86A1EDF94D}.Debug|x64.ActiveCfg = Debug|x64
		{B5480167-8C29-4126-9B66-CC86A1EDF94D}.Debug|x64.Build.0 = Debug|x64
		{B5480167-8C29-4126-9B66-CC86A1EDF94D}.Debug|x86.ActiveCfg = Debug|Win32
		{B5480167-8C29-4126-9B66-CC86A1EDF94D}.Debug|x86.Build.0 = Debug|Win32
		{B5480167-8C29-4126-9B66-CC86A1EDF94D}.Release|x64.ActiveCfg = Release|x64
		{B5480167-8C29-4126-9B66-CC86A1EDF94D}.Release|x64.Build.0 = Release|x64
		{B5480167-8C29-4126-9B66-CC86A1EDF94D}.Release|x86.ActiveCfg = Release|Win32
		{B5480167-8C29-4126-9B66-CC86A1EDF94D}.Release|x86.Build.0 = Release|Win32
		{A6171545-59CB-489D-BBDF-108C66532684}.Debug|x64.ActiveCfg = Debug|x64
		{A6171545-59CB-489D-BBDF-108C66532684}.Debug|x64.Build.0 = Debug|x64
		{A6171545-59CB-489D-BBDF-108C66532684}.Debug|x86.ActiveCfg = Debug|Win32
		{A6171545-59CB-489D-BBDF-108C66532684}.Debug|x86.Build.0 = Debug|Win32
		{A6171545-59CB-489D-BBDF-108C66532684}.Release|x64.ActiveCfg = Release|x64
		{A6171545-59CB-489D-BBDF-108C66532684}.Release|x64.Build.0 = Release|x64
		{A6171545-59CB-489D-BBDF-108C66532684}.Release|x86.ActiveCfg = Release|Win32
		{A6171545-59CB-489D-BBDF-108C66532684}.Release|x86.Build.0 = Release|Win32
		{66BE8672-AAD3-4546-A325-62B7000D2D2E}.Debug|x64.ActiveCfg = Debug|x64
		{66BE8672-AAD3-4546-A325-62B7000D2D2E}.Debug|x64.Build.0 = Debug|x64
		{66BE8672-AAD3-4546-A325-62B7000D2D2E}.Debug|x86.ActiveCfg = Debug|Win32
		{66BE8672-AAD3-4546-A325-62B7000D2D2E}.Debug|x86.Build.0 = Debug|Win32
		{66BE8672-AAD3-4546-A325-62B7000D2D2E}.Release|x64.ActiveCfg = Release|x64
		{66BE8672-AAD3-4546-A325-62B7000D2D2E}.Release|x64.Build.0 = Release|x64
		{66BE8672-AAD3-4546-A325-62B7000D2D2E}.Release|x86.ActiveCfg = Release|Win32
		{66BE8672-AAD3-4546-A325-62B7000D2D2E}.Release|x86.Build.0 = Release|Win32
	EndGlobalSection
	GlobalSection(SolutionProperties) = preSolution
		HideSolutionNode = FALSE
	EndGlobalSection
	GlobalSection(NestedProjects) = preSolution
		{600E46CB-A70C-4F47-8C56-4BE4BA027BDF} = {C8D5274F-AC00-46C7-1F8D-E88E81087A52}
		{10F9DC89-E473-4A25-94BD-9EF7832C1A01} = {AEBA09B4-674F-4949-8A9F-C77049AE1398}
		{93EE210E-ABCB-41DE-9F98-F7F573C6A8A0} = {E0FEC07E-7398-4E7E-A66F-2D6E27D53CB5}
		{B5480167-8C29-4126-9B66-CC86A1EDF94D} = {0BD3D6B0-BEE6-4F12-A99F-8BF9988A4C87}
		{A6171545-59CB-489D-BBDF-108C66532684} = {DF932134-7E37-42FA-86D8-13CB62D18B55}
		{66BE8672-AAD3-4546-A325-62B7000D2D2E} = {37E1DEA8-6CF1-4948-A252-75BEE9AE4B85}
	EndGlobalSection
	GlobalSection(ExtensibilityGlobals) = postSolution
		SolutionGuid = {7D9C7530-31F8-4FE9-BD99-B0FC58B4EAAF}
	EndGlobalSection
EndGlobal
